
Microsoft Visual Studio Solution File, Format Version 12.00
# Visual Studio Version 16
VisualStudioVersion = 16.0.29911.84
MinimumVisualStudioVersion = 10.0.40219.1
Project("{FAE04EC0-301F-11D3-BF4B-00C04F79EFBC}") = "Service", "Service\Service.csproj", "{33C13860-EB67-4A79-A36D-58C553899671}"
EndProject
Project("{FAE04EC0-301F-11D3-BF4B-00C04F79EFBC}") = "Client", "Client\Client.csproj", "{156E0DEB-C2F5-4C90-95F4-DFBF92E527B9}"
EndProject
Project("{FAE04EC0-301F-11D3-BF4B-00C04F79EFBC}") = "ServiceTest", "ServiceTest\ServiceTest.csproj", "{35EED9A6-2D96-4B64-A102-8EE4A43015FA}"
EndProject
Global
	GlobalSection(SolutionConfigurationPlatforms) = preSolution
		Debug|Any CPU = Debug|Any CPU
		Release|Any CPU = Release|Any CPU
	EndGlobalSection
	GlobalSection(ProjectConfigurationPlatforms) = postSolution
		{33C13860-EB67-4A79-A36D-58C553899671}.Debug|Any CPU.ActiveCfg = Debug|Any CPU
		{33C13860-EB67-4A79-A36D-58C553899671}.Debug|Any CPU.Build.0 = Debug|Any CPU
		{33C13860-EB67-4A79-A36D-58C553899671}.Release|Any CPU.ActiveCfg = Release|Any CPU
		{33C13860-EB67-4A79-A36D-58C553899671}.Release|Any CPU.Build.0 = Release|Any CPU
		{156E0DEB-C2F5-4C90-95F4-DFBF92E527B9}.Debug|Any CPU.ActiveCfg = Debug|Any CPU
		{156E0DEB-C2F5-4C90-95F4-DFBF92E527B9}.Debug|Any CPU.Build.0 = Debug|Any CPU
		{156E0DEB-C2F5-4C90-95F4-DFBF92E527B9}.Release|Any CPU.ActiveCfg = Release|Any CPU
		{156E0DEB-C2F5-4C90-95F4-DFBF92E527B9}.Release|Any CPU.Build.0 = Release|Any CPU
		{35EED9A6-2D96-4B64-A102-8EE4A43015FA}.Debug|Any CPU.ActiveCfg = Debug|Any CPU
		{35EED9A6-2D96-4B64-A102-8EE4A43015FA}.Debug|Any CPU.Build.0 = Debug|Any CPU
		{35EED9A6-2D96-4B64-A102-8EE4A43015FA}.Release|Any CPU.ActiveCfg = Release|Any CPU
		{35EED9A6-2D96-4B64-A102-8EE4A43015FA}.Release|Any CPU.Build.0 = Release|Any CPU
	EndGlobalSection
	GlobalSection(SolutionProperties) = preSolution
		HideSolutionNode = FALSE
	EndGlobalSection
	GlobalSection(ExtensibilityGlobals) = postSolution
		SolutionGuid = {4CBEB39E-90D0-4D58-9CF1-623A4C13FA84}
	EndGlobalSection
EndGlobal
